PODS:
  - Alamofire (4.7.3)
  - Toast-Swift (3.0.1)

DEPENDENCIES:
  - Alamofire (~> 4.7)
  - Toast-Swift (~> 3.0.1)

SPEC REPOS:
  https://github.com/cocoapods/specs.git:
    - Alamofire
    - Toast-Swift

SPEC CHECKSUMS:
  Alamofire: c7287b6e5d7da964a70935e5db17046b7fde6568
  Toast-Swift: ba0b01b095aada709d915f9beb1d38184a2721c3

PODFILE CHECKSUM: 0bba7ce947fe79d47f0a8e1f7528634953e2d759

COCOAPODS: 1.5.3
