// !$*UTF8*$!
{
	archiveVersion = 1;
	classes = {
	};
	objectVersion = 50;
	objects = {

/* Begin PBXBuildFile section */
		DBAFB9A6212B6BC2002FE212 /* AppDelegate.swift in Sources */ = {isa = PBXBuildFile; fileRef = DBAFB9A5212B6BC2002FE212 /* AppDelegate.swift */; };
		DBAFB9A8212B6BC2002FE212 /* ViewController.swift in Sources */ = {isa = PBXBuildFile; fileRef = DBAFB9A7212B6BC2002FE212 /* ViewController.swift */; };
		DBAFB9AB212B6BC2002FE212 /* Main.storyboard in Resources */ = {isa = PBXBuildFile; fileRef = DBAFB9A9212B6BC2002FE212 /* Main.storyboard */; };
		DBAFB9AD212B6BC3002FE212 /* Assets.xcassets in Resources */ = {isa = PBXBuildFile; fileRef = DBAFB9AC212B6BC3002FE212 /* Assets.xcassets */; };
		DBAFB9B0212B6BC3002FE212 /* LaunchScreen.storyboard in Resources */ = {isa = PBXBuildFile; fileRef = DBAFB9AE212B6BC3002FE212 /* LaunchScreen.storyboard */; };
		DBAFB9BC212B826E002FE212 /* Default-568h@2x.png in Resources */ = {isa = PBXBuildFile; fileRef = DBAFB9BB212B826E002FE212 /* Default-568h@2x.png */; };
		DBAFB9BF212B8441002FE212 /* LocationsForecast.swift in Sources */ = {isa = PBXBuildFile; fileRef = DBAFB9BE212B8441002FE212 /* LocationsForecast.swift */; };
		DBAFB9C1212B8C1A002FE212 /* DailyForecastViewCell.swift in Sources */ = {isa = PBXBuildFile; fileRef = DBAFB9C0212B8C1A002FE212 /* DailyForecastViewCell.swift */; };
		DBAFB9C3212B8CD4002FE212 /* WeatherViewCell.swift in Sources */ = {isa = PBXBuildFile; fileRef = DBAFB9C2212B8CD4002FE212 /* WeatherViewCell.swift */; };
		DBAFB9C7212DB599002FE212 /* FavoriteViewCell.swift in Sources */ = {isa = PBXBuildFile; fileRef = DBAFB9C6212DB598002FE212 /* FavoriteViewCell.swift */; };
		DBAFB9C9212DB5A8002FE212 /* PlacesViewCell.swift in Sources */ = {isa = PBXBuildFile; fileRef = DBAFB9C8212DB5A8002FE212 /* PlacesViewCell.swift */; };
		DBAFB9CB212DB5CC002FE212 /* FavoritesViewController.swift in Sources */ = {isa = PBXBuildFile; fileRef = DBAFB9CA212DB5CC002FE212 /* FavoritesViewController.swift */; };
		DBAFB9CD212DB5E6002FE212 /* PlacesViewController.swift in Sources */ = {isa = PBXBuildFile; fileRef = DBAFB9CC212DB5E6002FE212 /* PlacesViewController.swift */; };
		DBAFB9CF212DB5FB002FE212 /* ZoomInSegue.swift in Sources */ = {isa = PBXBuildFile; fileRef = DBAFB9CE212DB5FB002FE212 /* ZoomInSegue.swift */; };
		DBAFB9D3212E25AA002FE212 /* ForecastStore.swift in Sources */ = {isa = PBXBuildFile; fileRef = DBAFB9D2212E25AA002FE212 /* ForecastStore.swift */; };
		F5273ADE41F4D409F1672ECB /* Pods_HeavyRain4.framework in Frameworks */ = {isa = PBXBuildFile; fileRef = 5A73233F0CC36800DBCADF76 /* Pods_HeavyRain4.framework */; };
/* End PBXBuildFile section */

/* Begin PBXFileReference section */
		3828A362AFD2369ED1AA9A05 /* Pods-HeavyRain4.debug.xcconfig */ = {isa = PBXFileReference; includeInIndex = 1; lastKnownFileType = text.xcconfig; name = "Pods-HeavyRain4.debug.xcconfig"; path = "Pods/Target Support Files/Pods-HeavyRain4/Pods-HeavyRain4.debug.xcconfig"; sourceTree = "<group>"; };
		5A73233F0CC36800DBCADF76 /* Pods_HeavyRain4.framework */ = {isa = PBXFileReference; explicitFileType = wrapper.framework; includeInIndex = 0; path = Pods_HeavyRain4.framework; sourceTree = BUILT_PRODUCTS_DIR; };
		797454E944381F7006F73604 /* Pods-HeavyRain4.release.xcconfig */ = {isa = PBXFileReference; includeInIndex = 1; lastKnownFileType = text.xcconfig; name = "Pods-HeavyRain4.release.xcconfig"; path = "Pods/Target Support Files/Pods-HeavyRain4/Pods-HeavyRain4.release.xcconfig"; sourceTree = "<group>"; };
		DBAFB9A2212B6BC2002FE212 /* HeavyRain4.app */ = {isa = PBXFileReference; explicitFileType = wrapper.application; includeInIndex = 0; path = HeavyRain4.app; sourceTree = BUILT_PRODUCTS_DIR; };
		DBAFB9A5212B6BC2002FE212 /* AppDelegate.swift */ = {isa = PBXFileReference; lastKnownFileType = sourcecode.swift; path = AppDelegate.swift; sourceTree = "<group>"; };
		DBAFB9A7212B6BC2002FE212 /* ViewController.swift */ = {isa = PBXFileReference; lastKnownFileType = sourcecode.swift; path = ViewController.swift; sourceTree = "<group>"; };
		DBAFB9AA212B6BC2002FE212 /* Base */ = {isa = PBXFileReference; lastKnownFileType = file.storyboard; name = Base; path = Base.lproj/Main.storyboard; sourceTree = "<group>"; };
		DBAFB9AC212B6BC3002FE212 /* Assets.xcassets */ = {isa = PBXFileReference; lastKnownFileType = folder.assetcatalog; path = Assets.xcassets; sourceTree = "<group>"; };
		DBAFB9AF212B6BC3002FE212 /* Base */ = {isa = PBXFileReference; lastKnownFileType = file.storyboard; name = Base; path = Base.lproj/LaunchScreen.storyboard; sourceTree = "<group>"; };
		DBAFB9B1212B6BC3002FE212 /* Info.plist */ = {isa = PBXFileReference; lastKnownFileType = text.plist.xml; path = Info.plist; sourceTree = "<group>"; };
		DBAFB9BB212B826E002FE212 /* Default-568h@2x.png */ = {isa = PBXFileReference; lastKnownFileType = image.png; path = "Default-568h@2x.png"; sourceTree = "<group>"; };
		DBAFB9BE212B8441002FE212 /* LocationsForecast.swift */ = {isa = PBXFileReference; lastKnownFileType = sourcecode.swift; path = LocationsForecast.swift; sourceTree = "<group>"; };
		DBAFB9C0212B8C1A002FE212 /* DailyForecastViewCell.swift */ = {isa = PBXFileReference; lastKnownFileType = sourcecode.swift; path = DailyForecastViewCell.swift; sourceTree = "<group>"; };
		DBAFB9C2212B8CD4002FE212 /* WeatherViewCell.swift */ = {isa = PBXFileReference; lastKnownFileType = sourcecode.swift; path = WeatherViewCell.swift; sourceTree = "<group>"; };
		DBAFB9C6212DB598002FE212 /* FavoriteViewCell.swift */ = {isa = PBXFileReference; lastKnownFileType = sourcecode.swift; path = FavoriteViewCell.swift; sourceTree = "<group>"; };
		DBAFB9C8212DB5A8002FE212 /* PlacesViewCell.swift */ = {isa = PBXFileReference; lastKnownFileType = sourcecode.swift; path = PlacesViewCell.swift; sourceTree = "<group>"; };
		DBAFB9CA212DB5CC002FE212 /* FavoritesViewController.swift */ = {isa = PBXFileReference; lastKnownFileType = sourcecode.swift; path = FavoritesViewController.swift; sourceTree = "<group>"; };
		DBAFB9CC212DB5E6002FE212 /* PlacesViewController.swift */ = {isa = PBXFileReference; lastKnownFileType = sourcecode.swift; path = PlacesViewController.swift; sourceTree = "<group>"; };
		DBAFB9CE212DB5FB002FE212 /* ZoomInSegue.swift */ = {isa = PBXFileReference; lastKnownFileType = sourcecode.swift; path = ZoomInSegue.swift; sourceTree = "<group>"; };
		DBAFB9D2212E25AA002FE212 /* ForecastStore.swift */ = {isa = PBXFileReference; lastKnownFileType = sourcecode.swift; path = ForecastStore.swift; sourceTree = "<group>"; };
/* End PBXFileReference section */

/* Begin PBXFrameworksBuildPhase section */
		DBAFB99F212B6BC2002FE212 /* Frameworks */ = {
			isa = PBXFrameworksBuildPhase;
			buildActionMask = 2147483647;
			files = (
				F5273ADE41F4D409F1672ECB /* Pods_HeavyRain4.framework in Frameworks */,
			);
			runOnlyForDeploymentPostprocessing = 0;
		};
/* End PBXFrameworksBuildPhase section */

/* Begin PBXGroup section */
		6755E99D03D4B31AF299B64D /* Pods */ = {
			isa = PBXGroup;
			children = (
				3828A362AFD2369ED1AA9A05 /* Pods-HeavyRain4.debug.xcconfig */,
				797454E944381F7006F73604 /* Pods-HeavyRain4.release.xcconfig */,
			);
			name = Pods;
			sourceTree = "<group>";
		};
		8386509161C21FFC5EBE97B8 /* Frameworks */ = {
			isa = PBXGroup;
			children = (
				5A73233F0CC36800DBCADF76 /* Pods_HeavyRain4.framework */,
			);
			name = Frameworks;
			sourceTree = "<group>";
		};
		DBAFB999212B6BC2002FE212 = {
			isa = PBXGroup;
			children = (
				DBAFB9B8212B6BD9002FE212 /* Cells */,
				DBAFB9BD212B8415002FE212 /* Models */,
				DBAFB9BA212B6BF3002FE212 /* StoryBoards */,
				DBAFB9B9212B6BE2002FE212 /* Support Files */,
				DBAFB9B7212B6BCF002FE212 /* ViewControllers */,
				DBAFB9A3212B6BC2002FE212 /* Products */,
				6755E99D03D4B31AF299B64D /* Pods */,
				8386509161C21FFC5EBE97B8 /* Frameworks */,
			);
			sourceTree = "<group>";
		};
		DBAFB9A3212B6BC2002FE212 /* Products */ = {
			isa = PBXGroup;
			children = (
				DBAFB9A2212B6BC2002FE212 /* HeavyRain4.app */,
			);
			name = Products;
			sourceTree = "<group>";
		};
		DBAFB9B7212B6BCF002FE212 /* ViewControllers */ = {
			isa = PBXGroup;
			children = (
				DBAFB9A7212B6BC2002FE212 /* ViewController.swift */,
				DBAFB9CA212DB5CC002FE212 /* FavoritesViewController.swift */,
				DBAFB9CC212DB5E6002FE212 /* PlacesViewController.swift */,
				DBAFB9CE212DB5FB002FE212 /* ZoomInSegue.swift */,
			);
			path = ViewControllers;
			sourceTree = "<group>";
		};
		DBAFB9B8212B6BD9002FE212 /* Cells */ = {
			isa = PBXGroup;
			children = (
				DBAFB9C0212B8C1A002FE212 /* DailyForecastViewCell.swift */,
				DBAFB9C2212B8CD4002FE212 /* WeatherViewCell.swift */,
				DBAFB9C6212DB598002FE212 /* FavoriteViewCell.swift */,
				DBAFB9C8212DB5A8002FE212 /* PlacesViewCell.swift */,
			);
			path = Cells;
			sourceTree = "<group>";
		};
		DBAFB9B9212B6BE2002FE212 /* Support Files */ = {
			isa = PBXGroup;
			children = (
				DBAFB9A5212B6BC2002FE212 /* AppDelegate.swift */,
				DBAFB9AC212B6BC3002FE212 /* Assets.xcassets */,
				DBAFB9BB212B826E002FE212 /* Default-568h@2x.png */,
				DBAFB9B1212B6BC3002FE212 /* Info.plist */,
			);
			path = "Support Files";
			sourceTree = "<group>";
		};
		DBAFB9BA212B6BF3002FE212 /* StoryBoards */ = {
			isa = PBXGroup;
			children = (
				DBAFB9A9212B6BC2002FE212 /* Main.storyboard */,
				DBAFB9AE212B6BC3002FE212 /* LaunchScreen.storyboard */,
			);
			name = StoryBoards;
			sourceTree = "<group>";
		};
		DBAFB9BD212B8415002FE212 /* Models */ = {
			isa = PBXGroup;
			children = (
				DBAFB9BE212B8441002FE212 /* LocationsForecast.swift */,
				DBAFB9D2212E25AA002FE212 /* ForecastStore.swift */,
			);
			path = Models;
			sourceTree = "<group>";
		};
/* End PBXGroup section */

/* Begin PBXNativeTarget section */
		DBAFB9A1212B6BC2002FE212 /* HeavyRain4 */ = {
			isa = PBXNativeTarget;
			buildConfigurationList = DBAFB9B4212B6BC3002FE212 /* Build configuration list for PBXNativeTarget "HeavyRain4" */;
			buildPhases = (
				E691806A359030EE7D75E384 /* [CP] Check Pods Manifest.lock */,
				DBAFB99E212B6BC2002FE212 /* Sources */,
				DBAFB99F212B6BC2002FE212 /* Frameworks */,
				DBAFB9A0212B6BC2002FE212 /* Resources */,
				D80E988078CA7F7291715C07 /* [CP] Embed Pods Frameworks */,
			);
			buildRules = (
			);
			dependencies = (
			);
			name = HeavyRain4;
			productName = HeavyRain4;
			productReference = DBAFB9A2212B6BC2002FE212 /* HeavyRain4.app */;
			productType = "com.apple.product-type.application";
		};
/* End PBXNativeTarget section */

/* Begin PBXProject section */
		DBAFB99A212B6BC2002FE212 /* Project object */ = {
			isa = PBXProject;
			attributes = {
				LastSwiftUpdateCheck = 0940;
				LastUpgradeCheck = 0940;
				ORGANIZATIONNAME = "Edward L Richardson";
				TargetAttributes = {
					DBAFB9A1212B6BC2002FE212 = {
						CreatedOnToolsVersion = 9.4.1;
					};
				};
			};
			buildConfigurationList = DBAFB99D212B6BC2002FE212 /* Build configuration list for PBXProject "HeavyRain4" */;
			compatibilityVersion = "Xcode 9.3";
			developmentRegion = en;
			hasScannedForEncodings = 0;
			knownRegions = (
				en,
				Base,
			);
			mainGroup = DBAFB999212B6BC2002FE212;
			productRefGroup = DBAFB9A3212B6BC2002FE212 /* Products */;
			projectDirPath = "";
			projectRoot = "";
			targets = (
				DBAFB9A1212B6BC2002FE212 /* HeavyRain4 */,
			);
		};
/* End PBXProject section */

/* Begin PBXResourcesBuildPhase section */
		DBAFB9A0212B6BC2002FE212 /* Resources */ = {
			isa = PBXResourcesBuildPhase;
			buildActionMask = 2147483647;
			files = (
				DBAFB9B0212B6BC3002FE212 /* LaunchScreen.storyboard in Resources */,
				DBAFB9BC212B826E002FE212 /* Default-568h@2x.png in Resources */,
				DBAFB9AD212B6BC3002FE212 /* Assets.xcassets in Resources */,
				DBAFB9AB212B6BC2002FE212 /* Main.storyboard in Resources */,
			);
			runOnlyForDeploymentPostprocessing = 0;
		};
/* End PBXResourcesBuildPhase section */

/* Begin PBXShellScriptBuildPhase section */
		D80E988078CA7F7291715C07 /* [CP] Embed Pods Frameworks */ = {
			isa = PBXShellScriptBuildPhase;
			buildActionMask = 2147483647;
			files = (
			);
			inputPaths = (
				"${SRCROOT}/Pods/Target Support Files/Pods-HeavyRain4/Pods-HeavyRain4-frameworks.sh",
				"${BUILT_PRODUCTS_DIR}/Alamofire/Alamofire.framework",
			);
			name = "[CP] Embed Pods Frameworks";
			outputPaths = (
				"${TARGET_BUILD_DIR}/${FRAMEWORKS_FOLDER_PATH}/Alamofire.framework",
			);
			runOnlyForDeploymentPostprocessing = 0;
			shellPath = /bin/sh;
			shellScript = "\"${SRCROOT}/Pods/Target Support Files/Pods-HeavyRain4/Pods-HeavyRain4-frameworks.sh\"\n";
			showEnvVarsInLog = 0;
		};
		E691806A359030EE7D75E384 /* [CP] Check Pods Manifest.lock */ = {
			isa = PBXShellScriptBuildPhase;
			buildActionMask = 2147483647;
			files = (
			);
			inputPaths = (
				"${PODS_PODFILE_DIR_PATH}/Podfile.lock",
				"${PODS_ROOT}/Manifest.lock",
			);
			name = "[CP] Check Pods Manifest.lock";
			outputPaths = (
				"$(DERIVED_FILE_DIR)/Pods-HeavyRain4-checkManifestLockResult.txt",
			);
			runOnlyForDeploymentPostprocessing = 0;
			shellPath = /bin/sh;
			shellScript = "diff \"${PODS_PODFILE_DIR_PATH}/Podfile.lock\" \"${PODS_ROOT}/Manifest.lock\" > /dev/null\nif [ $? != 0 ] ; then\n    # print error to STDERR\n    echo \"error: The sandbox is not in sync with the Podfile.lock. Run 'pod install' or update your CocoaPods installation.\" >&2\n    exit 1\nfi\n# This output is used by Xcode 'outputs' to avoid re-running this script phase.\necho \"SUCCESS\" > \"${SCRIPT_OUTPUT_FILE_0}\"\n";
			showEnvVarsInLog = 0;
		};
/* End PBXShellScriptBuildPhase section */

/* Begin PBXSourcesBuildPhase section */
		DBAFB99E212B6BC2002FE212 /* Sources */ = {
			isa = PBXSourcesBuildPhase;
			buildActionMask = 2147483647;
			files = (
				DBAFB9CD212DB5E6002FE212 /* PlacesViewController.swift in Sources */,
				DBAFB9A8212B6BC2002FE212 /* ViewController.swift in Sources */,
				DBAFB9C9212DB5A8002FE212 /* PlacesViewCell.swift in Sources */,
				DBAFB9CB212DB5CC002FE212 /* FavoritesViewController.swift in Sources */,
				DBAFB9A6212B6BC2002FE212 /* AppDelegate.swift in Sources */,
				DBAFB9D3212E25AA002FE212 /* ForecastStore.swift in Sources */,
				DBAFB9BF212B8441002FE212 /* LocationsForecast.swift in Sources */,
				DBAFB9C7212DB599002FE212 /* FavoriteViewCell.swift in Sources */,
				DBAFB9CF212DB5FB002FE212 /* ZoomInSegue.swift in Sources */,
				DBAFB9C3212B8CD4002FE212 /* WeatherViewCell.swift in Sources */,
				DBAFB9C1212B8C1A002FE212 /* DailyForecastViewCell.swift in Sources */,
			);
			runOnlyForDeploymentPostprocessing = 0;
		};
/* End PBXSourcesBuildPhase section */

/* Begin PBXVariantGroup section */
		DBAFB9A9212B6BC2002FE212 /* Main.storyboard */ = {
			isa = PBXVariantGroup;
			children = (
				DBAFB9AA212B6BC2002FE212 /* Base */,
			);
			name = Main.storyboard;
			sourceTree = "<group>";
		};
		DBAFB9AE212B6BC3002FE212 /* LaunchScreen.storyboard */ = {
			isa = PBXVariantGroup;
			children = (
				DBAFB9AF212B6BC3002FE212 /* Base */,
			);
			name = LaunchScreen.storyboard;
			sourceTree = "<group>";
		};
/* End PBXVariantGroup section */

/* Begin XCBuildConfiguration section */
		DBAFB9B2212B6BC3002FE212 /* Debug */ = {
			isa = XCBuildConfiguration;
			buildSettings = {
				ALWAYS_SEARCH_USER_PATHS = NO;
				CLANG_ANALYZER_NONNULL = YES;
				CLANG_ANALYZER_NUMBER_OBJECT_CONVERSION = YES_AGGRESSIVE;
				CLANG_CXX_LANGUAGE_STANDARD = "gnu++14";
				CLANG_CXX_LIBRARY = "libc++";
				CLANG_ENABLE_MODULES = YES;
				CLANG_ENABLE_OBJC_ARC = YES;
				CLANG_ENABLE_OBJC_WEAK = YES;
				CLANG_WARN_BLOCK_CAPTURE_AUTORELEASING = YES;
				CLANG_WARN_BOOL_CONVERSION = YES;
				CLANG_WARN_COMMA = YES;
				CLANG_WARN_CONSTANT_CONVERSION = YES;
				CLANG_WARN_DEPRECATED_OBJC_IMPLEMENTATIONS = YES;
				CLANG_WARN_DIRECT_OBJC_ISA_USAGE = YES_ERROR;
				CLANG_WARN_DOCUMENTATION_COMMENTS = YES;
				CLANG_WARN_EMPTY_BODY = YES;
				CLANG_WARN_ENUM_CONVERSION = YES;
				CLANG_WARN_INFINITE_RECURSION = YES;
				CLANG_WARN_INT_CONVERSION = YES;
				CLANG_WARN_NON_LITERAL_NULL_CONVERSION = YES;
				CLANG_WARN_OBJC_IMPLICIT_RETAIN_SELF = YES;
				CLANG_WARN_OBJC_LITERAL_CONVERSION = YES;
				CLANG_WARN_OBJC_ROOT_CLASS = YES_ERROR;
				CLANG_WARN_RANGE_LOOP_ANALYSIS = YES;
				CLANG_WARN_STRICT_PROTOTYPES = YES;
				CLANG_WARN_SUSPICIOUS_MOVE = YES;
				CLANG_WARN_UNGUARDED_AVAILABILITY = YES_AGGRESSIVE;
				CLANG_WARN_UNREACHABLE_CODE = YES;
				CLANG_WARN__DUPLICATE_METHOD_MATCH = YES;
				CODE_SIGN_IDENTITY = "iPhone Developer";
				COPY_PHASE_STRIP = NO;
				DEBUG_INFORMATION_FORMAT = dwarf;
				ENABLE_STRICT_OBJC_MSGSEND = YES;
				ENABLE_TESTABILITY = YES;
				GCC_C_LANGUAGE_STANDARD = gnu11;
				GCC_DYNAMIC_NO_PIC = NO;
				GCC_NO_COMMON_BLOCKS = YES;
				GCC_OPTIMIZATION_LEVEL = 0;
				GCC_PREPROCESSOR_DEFINITIONS = (
					"DEBUG=1",
					"$(inherited)",
				);
				GCC_WARN_64_TO_32_BIT_CONVERSION = YES;
				GCC_WARN_ABOUT_RETURN_TYPE = YES_ERROR;
				GCC_WARN_UNDECLARED_SELECTOR = YES;
				GCC_WARN_UNINITIALIZED_AUTOS = YES_AGGRESSIVE;
				GCC_WARN_UNUSED_FUNCTION = YES;
				GCC_WARN_UNUSED_VARIABLE = YES;
				IPHONEOS_DEPLOYMENT_TARGET = 11.4;
				MTL_ENABLE_DEBUG_INFO = YES;
				ONLY_ACTIVE_ARCH = YES;
				SDKROOT = iphoneos;
				SWIFT_ACTIVE_COMPILATION_CONDITIONS = DEBUG;
				SWIFT_OPTIMIZATION_LEVEL = "-Onone";
			};
			name = Debug;
		};
		DBAFB9B3212B6BC3002FE212 /* Release */ = {
			isa = XCBuildConfiguration;
			buildSettings = {
				ALWAYS_SEARCH_USER_PATHS = NO;
				CLANG_ANALYZER_NONNULL = YES;
				CLANG_ANALYZER_NUMBER_OBJECT_CONVERSION = YES_AGGRESSIVE;
				CLANG_CXX_LANGUAGE_STANDARD = "gnu++14";
				CLANG_CXX_LIBRARY = "libc++";
				CLANG_ENABLE_MODULES = YES;
				CLANG_ENABLE_OBJC_ARC = YES;
				CLANG_ENABLE_OBJC_WEAK = YES;
				CLANG_WARN_BLOCK_CAPTURE_AUTORELEASING = YES;
				CLANG_WARN_BOOL_CONVERSION = YES;
				CLANG_WARN_COMMA = YES;
				CLANG_WARN_CONSTANT_CONVERSION = YES;
				CLANG_WARN_DEPRECATED_OBJC_IMPLEMENTATIONS = YES;
				CLANG_WARN_DIRECT_OBJC_ISA_USAGE = YES_ERROR;
				CLANG_WARN_DOCUMENTATION_COMMENTS = YES;
				CLANG_WARN_EMPTY_BODY = YES;
				CLANG_WARN_ENUM_CONVERSION = YES;
				CLANG_WARN_INFINITE_RECURSION = YES;
				CLANG_WARN_INT_CONVERSION = YES;
				CLANG_WARN_NON_LITERAL_NULL_CONVERSION = YES;
				CLANG_WARN_OBJC_IMPLICIT_RETAIN_SELF = YES;
				CLANG_WARN_OBJC_LITERAL_CONVERSION = YES;
				CLANG_WARN_OBJC_ROOT_CLASS = YES_ERROR;
				CLANG_WARN_RANGE_LOOP_ANALYSIS = YES;
				CLANG_WARN_STRICT_PROTOTYPES = YES;
				CLANG_WARN_SUSPICIOUS_MOVE = YES;
				CLANG_WARN_UNGUARDED_AVAILABILITY = YES_AGGRESSIVE;
				CLANG_WARN_UNREACHABLE_CODE = YES;
				CLANG_WARN__DUPLICATE_METHOD_MATCH = YES;
				CODE_SIGN_IDENTITY = "iPhone Developer";
				COPY_PHASE_STRIP = NO;
				DEBUG_INFORMATION_FORMAT = "dwarf-with-dsym";
				ENABLE_NS_ASSERTIONS = NO;
				ENABLE_STRICT_OBJC_MSGSEND = YES;
				GCC_C_LANGUAGE_STANDARD = gnu11;
				GCC_NO_COMMON_BLOCKS = YES;
				GCC_WARN_64_TO_32_BIT_CONVERSION = YES;
				GCC_WARN_ABOUT_RETURN_TYPE = YES_ERROR;
				GCC_WARN_UNDECLARED_SELECTOR = YES;
				GCC_WARN_UNINITIALIZED_AUTOS = YES_AGGRESSIVE;
				GCC_WARN_UNUSED_FUNCTION = YES;
				GCC_WARN_UNUSED_VARIABLE = YES;
				IPHONEOS_DEPLOYMENT_TARGET = 11.4;
				MTL_ENABLE_DEBUG_INFO = NO;
				SDKROOT = iphoneos;
				SWIFT_COMPILATION_MODE = wholemodule;
				SWIFT_OPTIMIZATION_LEVEL = "-O";
				VALIDATE_PRODUCT = YES;
			};
			name = Release;
		};
		DBAFB9B5212B6BC3002FE212 /* Debug */ = {
			isa = XCBuildConfiguration;
			baseConfigurationReference = 3828A362AFD2369ED1AA9A05 /* Pods-HeavyRain4.debug.xcconfig */;
			buildSettings = {
				ASSETCATALOG_COMPILER_APPICON_NAME = AppIcon;
				CODE_SIGN_STYLE = Automatic;
				DEVELOPMENT_TEAM = 9LU9UUFX7L;
				INFOPLIST_FILE = "$(SRCROOT)/Support Files/Info.plist";
				LD_RUNPATH_SEARCH_PATHS = (
					"$(inherited)",
					"@executable_path/Frameworks",
				);
				PRODUCT_BUNDLE_IDENTIFIER = com.example.HeavyRain4;
				PRODUCT_NAME = "$(TARGET_NAME)";
				SWIFT_VERSION = 4.0;
				TARGETED_DEVICE_FAMILY = "1,2";
			};
			name = Debug;
		};
		DBAFB9B6212B6BC3002FE212 /* Release */ = {
			isa = XCBuildConfiguration;
			baseConfigurationReference = 797454E944381F7006F73604 /* Pods-HeavyRain4.release.xcconfig */;
			buildSettings = {
				ASSETCATALOG_COMPILER_APPICON_NAME = AppIcon;
				CODE_SIGN_STYLE = Automatic;
				DEVELOPMENT_TEAM = 9LU9UUFX7L;
				INFOPLIST_FILE = "$(SRCROOT)/Support Files/Info.plist";
				LD_RUNPATH_SEARCH_PATHS = (
					"$(inherited)",
					"@executable_path/Frameworks",
				);
				PRODUCT_BUNDLE_IDENTIFIER = com.example.HeavyRain4;
				PRODUCT_NAME = "$(TARGET_NAME)";
				SWIFT_VERSION = 4.0;
				TARGETED_DEVICE_FAMILY = "1,2";
			};
			name = Release;
		};
/* End XCBuildConfiguration section */

/* Begin XCConfigurationList section */
		DBAFB99D212B6BC2002FE212 /* Build configuration list for PBXProject "HeavyRain4" */ = {
			isa = XCConfigurationList;
			buildConfigurations = (
				DBAFB9B2212B6BC3002FE212 /* Debug */,
				DBAFB9B3212B6BC3002FE212 /* Release */,
			);
			defaultConfigurationIsVisible = 0;
			defaultConfigurationName = Release;
		};
		DBAFB9B4212B6BC3002FE212 /* Build configuration list for PBXNativeTarget "HeavyRain4" */ = {
			isa = XCConfigurationList;
			buildConfigurations = (
				DBAFB9B5212B6BC3002FE212 /* Debug */,
				DBAFB9B6212B6BC3002FE212 /* Release */,
			);
			defaultConfigurationIsVisible = 0;
			defaultConfigurationName = Release;
		};
/* End XCConfigurationList section */
	};
	rootObject = DBAFB99A212B6BC2002FE212 /* Project object */;
}
